PODS:
  - BZFramework (2.0.3):
    - SVProgressHUD
  - SVProgressHUD (2.1.1)

DEPENDENCIES:
  - BZFramework (from `../`)

EXTERNAL SOURCES:
  BZFramework:
    :path: "../"

SPEC CHECKSUMS:
  BZFramework: 45024ae62079da8c1bcaa40f603773453c26e3dd
  SVProgressHUD: 1127180503b9a308ddf7006f3cc58fc05cc1092d

PODFILE CHECKSUM: 57a7db80b3b12e035787e0bc3859591768a3c781

COCOAPODS: 1.2.0.beta.1
