PODS:
  - BZFramework (2.0.2):
    - SVProgressHUD
  - SVProgressHUD (2.1.1)

DEPENDENCIES:
  - BZFramework (from `../`)

EXTERNAL SOURCES:
  BZFramework:
    :path: "../"

SPEC CHECKSUMS:
  BZFramework: b834003785ca4fef539806bcb3f70bf09e113a82
  SVProgressHUD: 1127180503b9a308ddf7006f3cc58fc05cc1092d

PODFILE CHECKSUM: 57a7db80b3b12e035787e0bc3859591768a3c781

COCOAPODS: 1.2.0.beta.1
